
Microsoft Visual Studio Solution File, Format Version 12.00
# Visual Studio Version 17
VisualStudioVersion = 17.5.33530.505
MinimumVisualStudioVersion = 10.0.40219.1
Project("{FAE04EC0-301F-11D3-BF4B-00C04F79EFBC}") = "GcdLcm", "GcdLcm\GcdLcm.csproj", "{8013DB13-C394-4A6A-8CB8-286FAC7C7266}"
EndProject
Global
	GlobalSection(SolutionConfigurationPlatforms) = preSolution
		Debug|Any CPU = Debug|Any CPU
		Release|Any CPU = Release|Any CPU
	EndGlobalSection
	GlobalSection(ProjectConfigurationPlatforms) = postSolution
		{8013DB13-C394-4A6A-8CB8-286FAC7C7266}.Debug|Any CPU.ActiveCfg = Debug|Any CPU
		{8013DB13-C394-4A6A-8CB8-286FAC7C7266}.Debug|Any CPU.Build.0 = Debug|Any CPU
		{8013DB13-C394-4A6A-8CB8-286FAC7C7266}.Release|Any CPU.ActiveCfg = Release|Any CPU
		{8013DB13-C394-4A6A-8CB8-286FAC7C7266}.Release|Any CPU.Build.0 = Release|Any CPU
	EndGlobalSection
	GlobalSection(SolutionProperties) = preSolution
		HideSolutionNode = FALSE
	EndGlobalSection
	GlobalSection(ExtensibilityGlobals) = postSolution
		SolutionGuid = {A5BFBA74-D657-43FD-A91A-A2F9A97FD515}
	EndGlobalSection
EndGlobal
