
Microsoft Visual Studio Solution File, Format Version 12.00
# Visual Studio Version 17
VisualStudioVersion = 17.5.33530.505
MinimumVisualStudioVersion = 10.0.40219.1
Project("{FAE04EC0-301F-11D3-BF4B-00C04F79EFBC}") = "SentenceActionsApp", "SentenceActionsApp\SentenceActionsApp.csproj", "{72D94F3A-E4B5-4A38-BB4F-395517C89B79}"
EndProject
Project("{FAE04EC0-301F-11D3-BF4B-00C04F79EFBC}") = "SentenceActionsTests", "SentenceActionsTests\SentenceActionsTests.csproj", "{1CFB3A28-1379-4B59-BB97-9597274CDE61}"
EndProject
Global
	GlobalSection(SolutionConfigurationPlatforms) = preSolution
		Debug|Any CPU = Debug|Any CPU
		Release|Any CPU = Release|Any CPU
	EndGlobalSection
	GlobalSection(ProjectConfigurationPlatforms) = postSolution
		{72D94F3A-E4B5-4A38-BB4F-395517C89B79}.Debug|Any CPU.ActiveCfg = Debug|Any CPU
		{72D94F3A-E4B5-4A38-BB4F-395517C89B79}.Debug|Any CPU.Build.0 = Debug|Any CPU
		{72D94F3A-E4B5-4A38-BB4F-395517C89B79}.Release|Any CPU.ActiveCfg = Release|Any CPU
		{72D94F3A-E4B5-4A38-BB4F-395517C89B79}.Release|Any CPU.Build.0 = Release|Any CPU
		{1CFB3A28-1379-4B59-BB97-9597274CDE61}.Debug|Any CPU.ActiveCfg = Debug|Any CPU
		{1CFB3A28-1379-4B59-BB97-9597274CDE61}.Debug|Any CPU.Build.0 = Debug|Any CPU
		{1CFB3A28-1379-4B59-BB97-9597274CDE61}.Release|Any CPU.ActiveCfg = Release|Any CPU
		{1CFB3A28-1379-4B59-BB97-9597274CDE61}.Release|Any CPU.Build.0 = Release|Any CPU
	EndGlobalSection
	GlobalSection(SolutionProperties) = preSolution
		HideSolutionNode = FALSE
	EndGlobalSection
	GlobalSection(ExtensibilityGlobals) = postSolution
		SolutionGuid = {D5C0A4A2-4657-42BE-99A9-7E1EF3C63F6B}
	EndGlobalSection
EndGlobal
